
Microsoft Visual Studio Solution File, Format Version 12.00
# Visual Studio Version 17
VisualStudioVersion = 17.4.33213.308
MinimumVisualStudioVersion = 10.0.40219.1
Project("{FAE04EC0-301F-11D3-BF4B-00C04F79EFBC}") = "BrokenAuthenticationMVC", "BrokenAuthenticationMVC\BrokenAuthenticationMVC.csproj", "{79F5A894-2AF2-4952-91BF-D96D4DEF420A}"
EndProject
Global
	GlobalSection(SolutionConfigurationPlatforms) = preSolution
		Debug|Any CPU = Debug|Any CPU
		Release|Any CPU = Release|Any CPU
	EndGlobalSection
	GlobalSection(ProjectConfigurationPlatforms) = postSolution
		{79F5A894-2AF2-4952-91BF-D96D4DEF420A}.Debug|Any CPU.ActiveCfg = Debug|Any CPU
		{79F5A894-2AF2-4952-91BF-D96D4DEF420A}.Debug|Any CPU.Build.0 = Debug|Any CPU
		{79F5A894-2AF2-4952-91BF-D96D4DEF420A}.Release|Any CPU.ActiveCfg = Release|Any CPU
		{79F5A894-2AF2-4952-91BF-D96D4DEF420A}.Release|Any CPU.Build.0 = Release|Any CPU
	EndGlobalSection
	GlobalSection(SolutionProperties) = preSolution
		HideSolutionNode = FALSE
	EndGlobalSection
	GlobalSection(ExtensibilityGlobals) = postSolution
		SolutionGuid = {11C45898-9EAF-4F35-94C6-72F76BCFE90C}
	EndGlobalSection
EndGlobal
