
Microsoft Visual Studio Solution File, Format Version 12.00
# Visual Studio Version 17
VisualStudioVersion = 17.5.33530.505
MinimumVisualStudioVersion = 10.0.40219.1
Project("{FAE04EC0-301F-11D3-BF4B-00C04F79EFBC}") = "AzureWebApp", "AzureWebApp.csproj", "{C1F271BA-A8FA-4487-8824-61C75CB7498E}"
EndProject
Global
	GlobalSection(SolutionConfigurationPlatforms) = preSolution
		Debug|Any CPU = Debug|Any CPU
		Release|Any CPU = Release|Any CPU
	EndGlobalSection
	GlobalSection(ProjectConfigurationPlatforms) = postSolution
		{C1F271BA-A8FA-4487-8824-61C75CB7498E}.Debug|Any CPU.ActiveCfg = Debug|Any CPU
		{C1F271BA-A8FA-4487-8824-61C75CB7498E}.Debug|Any CPU.Build.0 = Debug|Any CPU
		{C1F271BA-A8FA-4487-8824-61C75CB7498E}.Release|Any CPU.ActiveCfg = Release|Any CPU
		{C1F271BA-A8FA-4487-8824-61C75CB7498E}.Release|Any CPU.Build.0 = Release|Any CPU
	EndGlobalSection
	GlobalSection(SolutionProperties) = preSolution
		HideSolutionNode = FALSE
	EndGlobalSection
	GlobalSection(ExtensibilityGlobals) = postSolution
		SolutionGuid = {8F16955F-B76D-45ED-893E-A95C69C9D475}
	EndGlobalSection
EndGlobal
